// !$*UTF8*$!
{
	archiveVersion = 1;
	classes = {
	};
	objectVersion = 48;
	objects = {

/* Begin PBXBuildFile section */
		184DC8EF201B1DAF00621D78 /* AppDelegate.m in Sources */ = {isa = PBXBuildFile; fileRef = 184DC8EE201B1DAF00621D78 /* AppDelegate.m */; };
		184DC8F5201B1DAF00621D78 /* Main.storyboard in Resources */ = {isa = PBXBuildFile; fileRef = 184DC8F3201B1DAF00621D78 /* Main.storyboard */; };
		184DC8F7201B1DAF00621D78 /* Assets.xcassets in Resources */ = {isa = PBXBuildFile; fileRef = 184DC8F6201B1DAF00621D78 /* Assets.xcassets */; };
		184DC8FA201B1DAF00621D78 /* LaunchScreen.storyboard in Resources */ = {isa = PBXBuildFile; fileRef = 184DC8F8201B1DAF00621D78 /* LaunchScreen.storyboard */; };
		184DC8FD201B1DAF00621D78 /* main.m in Sources */ = {isa = PBXBuildFile; fileRef = 184DC8FC201B1DAF00621D78 /* main.m */; };
		184DC904201B214300621D78 /* Model.m in Sources */ = {isa = PBXBuildFile; fileRef = 184DC903201B214300621D78 /* Model.m */; };
		184DC90B201B811500621D78 /* EditsTableViewController.m in Sources */ = {isa = PBXBuildFile; fileRef = 184DC90A201B811500621D78 /* EditsTableViewController.m */; };
		184DC90E201B8D7E00621D78 /* MainMenuViewController.m in Sources */ = {isa = PBXBuildFile; fileRef = 184DC90D201B8D7E00621D78 /* MainMenuViewController.m */; };
		184DC911201BD5C500621D78 /* ListTableViewController.m in Sources */ = {isa = PBXBuildFile; fileRef = 184DC910201BD5C500621D78 /* ListTableViewController.m */; };
/* End PBXBuildFile section */

/* Begin PBXFileReference section */
		184DC8EA201B1DAF00621D78 /* ToDo.app */ = {isa = PBXFileReference; explicitFileType = wrapper.application; includeInIndex = 0; path = ToDo.app; sourceTree = BUILT_PRODUCTS_DIR; };
		184DC8ED201B1DAF00621D78 /* AppDelegate.h */ = {isa = PBXFileReference; lastKnownFileType = sourcecode.c.h; path = AppDelegate.h; sourceTree = "<group>"; };
		184DC8EE201B1DAF00621D78 /* AppDelegate.m */ = {isa = PBXFileReference; lastKnownFileType = sourcecode.c.objc; path = AppDelegate.m; sourceTree = "<group>"; };
		184DC8F4201B1DAF00621D78 /* Base */ = {isa = PBXFileReference; lastKnownFileType = file.storyboard; name = Base; path = Base.lproj/Main.storyboard; sourceTree = "<group>"; };
		184DC8F6201B1DAF00621D78 /* Assets.xcassets */ = {isa = PBXFileReference; lastKnownFileType = folder.assetcatalog; path = Assets.xcassets; sourceTree = "<group>"; };
		184DC8F9201B1DAF00621D78 /* Base */ = {isa = PBXFileReference; lastKnownFileType = file.storyboard; name = Base; path = Base.lproj/LaunchScreen.storyboard; sourceTree = "<group>"; };
		184DC8FB201B1DAF00621D78 /* Info.plist */ = {isa = PBXFileReference; lastKnownFileType = text.plist.xml; path = Info.plist; sourceTree = "<group>"; };
		184DC8FC201B1DAF00621D78 /* main.m */ = {isa = PBXFileReference; lastKnownFileType = sourcecode.c.objc; path = main.m; sourceTree = "<group>"; };
		184DC903201B214300621D78 /* Model.m */ = {isa = PBXFileReference; lastKnownFileType = sourcecode.c.objc; path = Model.m; sourceTree = "<group>"; };
		184DC905201B215E00621D78 /* Model.h */ = {isa = PBXFileReference; lastKnownFileType = sourcecode.c.h; path = Model.h; sourceTree = "<group>"; };
		184DC909201B811500621D78 /* EditsTableViewController.h */ = {isa = PBXFileReference; lastKnownFileType = sourcecode.c.h; path = EditsTableViewController.h; sourceTree = "<group>"; };
		184DC90A201B811500621D78 /* EditsTableViewController.m */ = {isa = PBXFileReference; lastKnownFileType = sourcecode.c.objc; path = EditsTableViewController.m; sourceTree = "<group>"; };
		184DC90C201B8D7E00621D78 /* MainMenuViewController.h */ = {isa = PBXFileReference; lastKnownFileType = sourcecode.c.h; path = MainMenuViewController.h; sourceTree = "<group>"; };
		184DC90D201B8D7E00621D78 /* MainMenuViewController.m */ = {isa = PBXFileReference; lastKnownFileType = sourcecode.c.objc; path = MainMenuViewController.m; sourceTree = "<group>"; };
		184DC90F201BD5C500621D78 /* ListTableViewController.h */ = {isa = PBXFileReference; lastKnownFileType = sourcecode.c.h; path = ListTableViewController.h; sourceTree = "<group>"; };
		184DC910201BD5C500621D78 /* ListTableViewController.m */ = {isa = PBXFileReference; lastKnownFileType = sourcecode.c.objc; path = ListTableViewController.m; sourceTree = "<group>"; };
/* End PBXFileReference section */

/* Begin PBXFrameworksBuildPhase section */
		184DC8E7201B1DAF00621D78 /* Frameworks */ = {
			isa = PBXFrameworksBuildPhase;
			buildActionMask = 2147483647;
			files = (
			);
			runOnlyForDeploymentPostprocessing = 0;
		};
/* End PBXFrameworksBuildPhase section */

/* Begin PBXGroup section */
		184DC8E1201B1DAF00621D78 = {
			isa = PBXGroup;
			children = (
				184DC8EC201B1DAF00621D78 /* ToDo */,
				184DC8EB201B1DAF00621D78 /* Products */,
			);
			sourceTree = "<group>";
		};
		184DC8EB201B1DAF00621D78 /* Products */ = {
			isa = PBXGroup;
			children = (
				184DC8EA201B1DAF00621D78 /* ToDo.app */,
			);
			name = Products;
			sourceTree = "<group>";
		};
		184DC8EC201B1DAF00621D78 /* ToDo */ = {
			isa = PBXGroup;
			children = (
				184DC8ED201B1DAF00621D78 /* AppDelegate.h */,
				184DC8EE201B1DAF00621D78 /* AppDelegate.m */,
				184DC8F3201B1DAF00621D78 /* Main.storyboard */,
				184DC8F6201B1DAF00621D78 /* Assets.xcassets */,
				184DC8F8201B1DAF00621D78 /* LaunchScreen.storyboard */,
				184DC8FB201B1DAF00621D78 /* Info.plist */,
				184DC8FC201B1DAF00621D78 /* main.m */,
				184DC903201B214300621D78 /* Model.m */,
				184DC905201B215E00621D78 /* Model.h */,
				184DC909201B811500621D78 /* EditsTableViewController.h */,
				184DC90A201B811500621D78 /* EditsTableViewController.m */,
				184DC90C201B8D7E00621D78 /* MainMenuViewController.h */,
				184DC90D201B8D7E00621D78 /* MainMenuViewController.m */,
				184DC90F201BD5C500621D78 /* ListTableViewController.h */,
				184DC910201BD5C500621D78 /* ListTableViewController.m */,
			);
			path = ToDo;
			sourceTree = "<group>";
		};
/* End PBXGroup section */

/* Begin PBXNativeTarget section */
		184DC8E9201B1DAF00621D78 /* ToDo */ = {
			isa = PBXNativeTarget;
			buildConfigurationList = 184DC900201B1DAF00621D78 /* Build configuration list for PBXNativeTarget "ToDo" */;
			buildPhases = (
				184DC8E6201B1DAF00621D78 /* Sources */,
				184DC8E7201B1DAF00621D78 /* Frameworks */,
				184DC8E8201B1DAF00621D78 /* Resources */,
			);
			buildRules = (
			);
			dependencies = (
			);
			name = ToDo;
			productName = ToDo;
			productReference = 184DC8EA201B1DAF00621D78 /* ToDo.app */;
			productType = "com.apple.product-type.application";
		};
/* End PBXNativeTarget section */

/* Begin PBXProject section */
		184DC8E2201B1DAF00621D78 /* Project object */ = {
			isa = PBXProject;
			attributes = {
				KnownAssetTags = (
					completeButton,
				);
				LastUpgradeCheck = 0920;
				ORGANIZATIONNAME = "Eric Groseclos";
				TargetAttributes = {
					184DC8E9201B1DAF00621D78 = {
						CreatedOnToolsVersion = 9.2;
						ProvisioningStyle = Automatic;
					};
				};
			};
			buildConfigurationList = 184DC8E5201B1DAF00621D78 /* Build configuration list for PBXProject "ToDo" */;
			compatibilityVersion = "Xcode 8.0";
			developmentRegion = en;
			hasScannedForEncodings = 0;
			knownRegions = (
				en,
				Base,
			);
			mainGroup = 184DC8E1201B1DAF00621D78;
			productRefGroup = 184DC8EB201B1DAF00621D78 /* Products */;
			projectDirPath = "";
			projectRoot = "";
			targets = (
				184DC8E9201B1DAF00621D78 /* ToDo */,
			);
		};
/* End PBXProject section */

/* Begin PBXResourcesBuildPhase section */
		184DC8E8201B1DAF00621D78 /* Resources */ = {
			isa = PBXResourcesBuildPhase;
			buildActionMask = 2147483647;
			files = (
				184DC8FA201B1DAF00621D78 /* LaunchScreen.storyboard in Resources */,
				184DC8F7201B1DAF00621D78 /* Assets.xcassets in Resources */,
				184DC8F5201B1DAF00621D78 /* Main.storyboard in Resources */,
			);
			runOnlyForDeploymentPostprocessing = 0;
		};
/* End PBXResourcesBuildPhase section */

/* Begin PBXSourcesBuildPhase section */
		184DC8E6201B1DAF00621D78 /* Sources */ = {
			isa = PBXSourcesBuildPhase;
			buildActionMask = 2147483647;
			files = (
				184DC8FD201B1DAF00621D78 /* main.m in Sources */,
				184DC8EF201B1DAF00621D78 /* AppDelegate.m in Sources */,
				184DC904201B214300621D78 /* Model.m in Sources */,
				184DC90B201B811500621D78 /* EditsTableViewController.m in Sources */,
				184DC90E201B8D7E00621D78 /* MainMenuViewController.m in Sources */,
				184DC911201BD5C500621D78 /* ListTableViewController.m in Sources */,
			);
			runOnlyForDeploymentPostprocessing = 0;
		};
/* End PBXSourcesBuildPhase section */

/* Begin PBXVariantGroup section */
		184DC8F3201B1DAF00621D78 /* Main.storyboard */ = {
			isa = PBXVariantGroup;
			children = (
				184DC8F4201B1DAF00621D78 /* Base */,
			);
			name = Main.storyboard;
			sourceTree = "<group>";
		};
		184DC8F8201B1DAF00621D78 /* LaunchScreen.storyboard */ = {
			isa = PBXVariantGroup;
			children = (
				184DC8F9201B1DAF00621D78 /* Base */,
			);
			name = LaunchScreen.storyboard;
			sourceTree = "<group>";
		};
/* End PBXVariantGroup section */

/* Begin XCBuildConfiguration section */
		184DC8FE201B1DAF00621D78 /* Debug */ = {
			isa = XCBuildConfiguration;
			buildSettings = {
				ALWAYS_SEARCH_USER_PATHS = NO;
				CLANG_ANALYZER_NONNULL = YES;
				CLANG_ANALYZER_NUMBER_OBJECT_CONVERSION = YES_AGGRESSIVE;
				CLANG_CXX_LANGUAGE_STANDARD = "gnu++14";
				CLANG_CXX_LIBRARY = "libc++";
				CLANG_ENABLE_MODULES = YES;
				CLANG_ENABLE_OBJC_ARC = YES;
				CLANG_WARN_BLOCK_CAPTURE_AUTORELEASING = YES;
				CLANG_WARN_BOOL_CONVERSION = YES;
				CLANG_WARN_COMMA = YES;
				CLANG_WARN_CONSTANT_CONVERSION = YES;
				CLANG_WARN_DIRECT_OBJC_ISA_USAGE = YES_ERROR;
				CLANG_WARN_DOCUMENTATION_COMMENTS = YES;
				CLANG_WARN_EMPTY_BODY = YES;
				CLANG_WARN_ENUM_CONVERSION = YES;
				CLANG_WARN_INFINITE_RECURSION = YES;
				CLANG_WARN_INT_CONVERSION = YES;
				CLANG_WARN_NON_LITERAL_NULL_CONVERSION = YES;
				CLANG_WARN_OBJC_LITERAL_CONVERSION = YES;
				CLANG_WARN_OBJC_ROOT_CLASS = YES_ERROR;
				CLANG_WARN_RANGE_LOOP_ANALYSIS = YES;
				CLANG_WARN_STRICT_PROTOTYPES = YES;
				CLANG_WARN_SUSPICIOUS_MOVE = YES;
				CLANG_WARN_UNGUARDED_AVAILABILITY = YES_AGGRESSIVE;
				CLANG_WARN_UNREACHABLE_CODE = YES;
				CLANG_WARN__DUPLICATE_METHOD_MATCH = YES;
				CODE_SIGN_IDENTITY = "iPhone Developer";
				COPY_PHASE_STRIP = NO;
				DEBUG_INFORMATION_FORMAT = dwarf;
				ENABLE_STRICT_OBJC_MSGSEND = YES;
				ENABLE_TESTABILITY = YES;
				GCC_C_LANGUAGE_STANDARD = gnu11;
				GCC_DYNAMIC_NO_PIC = NO;
				GCC_NO_COMMON_BLOCKS = YES;
				GCC_OPTIMIZATION_LEVEL = 0;
				GCC_PREPROCESSOR_DEFINITIONS = (
					"DEBUG=1",
					"$(inherited)",
				);
				GCC_WARN_64_TO_32_BIT_CONVERSION = YES;
				GCC_WARN_ABOUT_RETURN_TYPE = YES_ERROR;
				GCC_WARN_UNDECLARED_SELECTOR = YES;
				GCC_WARN_UNINITIALIZED_AUTOS = YES_AGGRESSIVE;
				GCC_WARN_UNUSED_FUNCTION = YES;
				GCC_WARN_UNUSED_VARIABLE = YES;
				IPHONEOS_DEPLOYMENT_TARGET = 11.2;
				MTL_ENABLE_DEBUG_INFO = YES;
				ONLY_ACTIVE_ARCH = YES;
				SDKROOT = iphoneos;
			};
			name = Debug;
		};
		184DC8FF201B1DAF00621D78 /* Release */ = {
			isa = XCBuildConfiguration;
			buildSettings = {
				ALWAYS_SEARCH_USER_PATHS = NO;
				CLANG_ANALYZER_NONNULL = YES;
				CLANG_ANALYZER_NUMBER_OBJECT_CONVERSION = YES_AGGRESSIVE;
				CLANG_CXX_LANGUAGE_STANDARD = "gnu++14";
				CLANG_CXX_LIBRARY = "libc++";
				CLANG_ENABLE_MODULES = YES;
				CLANG_ENABLE_OBJC_ARC = YES;
				CLANG_WARN_BLOCK_CAPTURE_AUTORELEASING = YES;
				CLANG_WARN_BOOL_CONVERSION = YES;
				CLANG_WARN_COMMA = YES;
				CLANG_WARN_CONSTANT_CONVERSION = YES;
				CLANG_WARN_DIRECT_OBJC_ISA_USAGE = YES_ERROR;
				CLANG_WARN_DOCUMENTATION_COMMENTS = YES;
				CLANG_WARN_EMPTY_BODY = YES;
				CLANG_WARN_ENUM_CONVERSION = YES;
				CLANG_WARN_INFINITE_RECURSION = YES;
				CLANG_WARN_INT_CONVERSION = YES;
				CLANG_WARN_NON_LITERAL_NULL_CONVERSION = YES;
				CLANG_WARN_OBJC_LITERAL_CONVERSION = YES;
				CLANG_WARN_OBJC_ROOT_CLASS = YES_ERROR;
				CLANG_WARN_RANGE_LOOP_ANALYSIS = YES;
				CLANG_WARN_STRICT_PROTOTYPES = YES;
				CLANG_WARN_SUSPICIOUS_MOVE = YES;
				CLANG_WARN_UNGUARDED_AVAILABILITY = YES_AGGRESSIVE;
				CLANG_WARN_UNREACHABLE_CODE = YES;
				CLANG_WARN__DUPLICATE_METHOD_MATCH = YES;
				CODE_SIGN_IDENTITY = "iPhone Developer";
				COPY_PHASE_STRIP = NO;
				DEBUG_INFORMATION_FORMAT = "dwarf-with-dsym";
				ENABLE_NS_ASSERTIONS = NO;
				ENABLE_STRICT_OBJC_MSGSEND = YES;
				GCC_C_LANGUAGE_STANDARD = gnu11;
				GCC_NO_COMMON_BLOCKS = YES;
				GCC_WARN_64_TO_32_BIT_CONVERSION = YES;
				GCC_WARN_ABOUT_RETURN_TYPE = YES_ERROR;
				GCC_WARN_UNDECLARED_SELECTOR = YES;
				GCC_WARN_UNINITIALIZED_AUTOS = YES_AGGRESSIVE;
				GCC_WARN_UNUSED_FUNCTION = YES;
				GCC_WARN_UNUSED_VARIABLE = YES;
				IPHONEOS_DEPLOYMENT_TARGET = 11.2;
				MTL_ENABLE_DEBUG_INFO = NO;
				SDKROOT = iphoneos;
				VALIDATE_PRODUCT = YES;
			};
			name = Release;
		};
		184DC901201B1DAF00621D78 /* Debug */ = {
			isa = XCBuildConfiguration;
			buildSettings = {
				ASSETCATALOG_COMPILER_APPICON_NAME = AppIcon;
				CODE_SIGN_STYLE = Automatic;
				INFOPLIST_FILE = ToDo/Info.plist;
				LD_RUNPATH_SEARCH_PATHS = "$(inherited) @executable_path/Frameworks";
				PRODUCT_BUNDLE_IDENTIFIER = EG.ToDo;
				PRODUCT_NAME = "$(TARGET_NAME)";
				TARGETED_DEVICE_FAMILY = "1,2";
			};
			name = Debug;
		};
		184DC902201B1DAF00621D78 /* Release */ = {
			isa = XCBuildConfiguration;
			buildSettings = {
				ASSETCATALOG_COMPILER_APPICON_NAME = AppIcon;
				CODE_SIGN_STYLE = Automatic;
				INFOPLIST_FILE = ToDo/Info.plist;
				LD_RUNPATH_SEARCH_PATHS = "$(inherited) @executable_path/Frameworks";
				PRODUCT_BUNDLE_IDENTIFIER = EG.ToDo;
				PRODUCT_NAME = "$(TARGET_NAME)";
				TARGETED_DEVICE_FAMILY = "1,2";
			};
			name = Release;
		};
/* End XCBuildConfiguration section */

/* Begin XCConfigurationList section */
		184DC8E5201B1DAF00621D78 /* Build configuration list for PBXProject "ToDo" */ = {
			isa = XCConfigurationList;
			buildConfigurations = (
				184DC8FE201B1DAF00621D78 /* Debug */,
				184DC8FF201B1DAF00621D78 /* Release */,
			);
			defaultConfigurationIsVisible = 0;
			defaultConfigurationName = Release;
		};
		184DC900201B1DAF00621D78 /* Build configuration list for PBXNativeTarget "ToDo" */ = {
			isa = XCConfigurationList;
			buildConfigurations = (
				184DC901201B1DAF00621D78 /* Debug */,
				184DC902201B1DAF00621D78 /* Release */,
			);
			defaultConfigurationIsVisible = 0;
			defaultConfigurationName = Release;
		};
/* End XCConfigurationList section */
	};
	rootObject = 184DC8E2201B1DAF00621D78 /* Project object */;
}
